{
  "projects": [
    {
      "projectId": "ohDidvG9XsCeFumugENU3J",
      "version": "6.20.0",
      "dependencies": {},
      "lang": "ts",
      "fileLocks": [
        {
          "assetId": "ohDidvG9XsCeFumugENU3J",
          "type": "projectCss",
          "checksum": "fd83b730367fdbde2c69bc6cf31c2a3c"
        },
        {
          "assetId": "ohDidvG9XsCeFumugENU3J",
          "checksum": "de0a0e65174a6a185a8f822af51c6bdd",
          "type": "globalContexts"
        }
      ],
      "codegenVersion": "0.0.1"
    },
    {
      "projectId": "2yr4aVZ2x1Tc7VYQCrTrMc",
      "version": "latest",
      "dependencies": {
        "ohDidvG9XsCeFumugENU3J": "6.20.0",
        "8PtdGodUbexNYgkuyBUcWu": "3.22.0"
      },
      "lang": "ts",
      "fileLocks": [
        {
          "type": "globalVariant",
          "assetId": "kMj25Z9phdtV",
          "checksum": "067a51273a7d96198fe56df7c269ee02"
        },
        {
          "assetId": "2yr4aVZ2x1Tc7VYQCrTrMc",
          "checksum": "35b546b37c8286849a09285031125a00",
          "type": "globalContexts"
        },
        {
          "type": "renderModule",
          "assetId": "fiDYc3em5cLw",
          "checksum": "3871cf9f09f7f74b69643c53d7255153"
        },
        {
          "type": "cssRules",
          "assetId": "fiDYc3em5cLw",
          "checksum": "3871cf9f09f7f74b69643c53d7255153"
        },
        {
          "type": "renderModule",
          "assetId": "9NRMY0f0rDgH",
          "checksum": "6a7c80f1dc371f09c59fe5b4d2a45096"
        },
        {
          "type": "cssRules",
          "assetId": "9NRMY0f0rDgH",
          "checksum": "6a7c80f1dc371f09c59fe5b4d2a45096"
        },
        {
          "type": "image",
          "assetId": "o6sAmiN8uTfK",
          "checksum": "5d0de11afb1d03485289f1608350cf9f"
        },
        {
          "type": "image",
          "assetId": "n7Y1ERMcuK7M",
          "checksum": "f8ebb6b39214620acbfb8cf94e603a48"
        },
        {
          "type": "image",
          "assetId": "4rMbRWQbAbS0",
          "checksum": "9445ca70e30c194bf9c1b607f911c4e0"
        },
        {
          "assetId": "2yr4aVZ2x1Tc7VYQCrTrMc",
          "type": "projectCss",
          "checksum": "91839a25109c2a9d19086d165e6abe1d"
        }
      ],
      "codegenVersion": "0.0.1"
    },
    {
      "projectId": "8PtdGodUbexNYgkuyBUcWu",
      "version": "3.22.0",
      "dependencies": {},
      "lang": "ts",
      "fileLocks": [
        {
          "assetId": "8PtdGodUbexNYgkuyBUcWu",
          "type": "projectCss",
          "checksum": "078b5be9aa4a8ea2a39b36c771c25aaa"
        },
        {
          "assetId": "8PtdGodUbexNYgkuyBUcWu",
          "checksum": "34a063f27f0b27a7d1d344bc6b5252c5",
          "type": "globalContexts"
        }
      ],
      "codegenVersion": "0.0.1"
    }
  ],
  "cliVersion": "0.1.327"
}
